
Microsoft Visual Studio Solution File, Format Version 12.00
# Visual Studio Version 16
VisualStudioVersion = 16.0.30320.27
MinimumVisualStudioVersion = 10.0.40219.1
Project("{FAE04EC0-301F-11D3-BF4B-00C04F79EFBC}") = "MatrizAlejo", "MatrizAlejo\MatrizAlejo.csproj", "{C6E8DC10-647C-4AE8-BAEF-8D0B55B5E4B9}"
EndProject
Global
	GlobalSection(SolutionConfigurationPlatforms) = preSolution
		Debug|Any CPU = Debug|Any CPU
		Release|Any CPU = Release|Any CPU
	EndGlobalSection
	GlobalSection(ProjectConfigurationPlatforms) = postSolution
		{C6E8DC10-647C-4AE8-BAEF-8D0B55B5E4B9}.Debug|Any CPU.ActiveCfg = Debug|Any CPU
		{C6E8DC10-647C-4AE8-BAEF-8D0B55B5E4B9}.Debug|Any CPU.Build.0 = Debug|Any CPU
		{C6E8DC10-647C-4AE8-BAEF-8D0B55B5E4B9}.Release|Any CPU.ActiveCfg = Release|Any CPU
		{C6E8DC10-647C-4AE8-BAEF-8D0B55B5E4B9}.Release|Any CPU.Build.0 = Release|Any CPU
	EndGlobalSection
	GlobalSection(SolutionProperties) = preSolution
		HideSolutionNode = FALSE
	EndGlobalSection
	GlobalSection(ExtensibilityGlobals) = postSolution
		SolutionGuid = {FC3BED6E-1532-4C39-85E3-61470CD2E3A4}
	EndGlobalSection
EndGlobal
